
Microsoft Visual Studio Solution File, Format Version 12.00
# Visual Studio Version 17
VisualStudioVersion = 17.4.33213.308
MinimumVisualStudioVersion = 10.0.40219.1
Project("{9A19103F-16F7-4668-BE54-9A1E7A4F7556}") = "Bulk.App", "Bulk.App\Bulk.App.csproj", "{9AF6F074-8C71-498E-A371-2B93AD43AFE1}"
EndProject
Project("{9A19103F-16F7-4668-BE54-9A1E7A4F7556}") = "Bulk.RunMigrations", "Bulk.RunMigrations\Bulk.RunMigrations.csproj", "{13867D64-6393-4964-B07B-7641A8661922}"
EndProject
Project("{9A19103F-16F7-4668-BE54-9A1E7A4F7556}") = "Bulk.PopuleDatabase", "Bulk.PopuleDatabase\Bulk.PopuleDatabase.csproj", "{CFA39369-5A38-48B0-9B1D-E2AA9CEFDA23}"
EndProject
Global
	GlobalSection(SolutionConfigurationPlatforms) = preSolution
		Debug|Any CPU = Debug|Any CPU
		Release|Any CPU = Release|Any CPU
	EndGlobalSection
	GlobalSection(ProjectConfigurationPlatforms) = postSolution
		{9AF6F074-8C71-498E-A371-2B93AD43AFE1}.Debug|Any CPU.ActiveCfg = Debug|Any CPU
		{9AF6F074-8C71-498E-A371-2B93AD43AFE1}.Debug|Any CPU.Build.0 = Debug|Any CPU
		{9AF6F074-8C71-498E-A371-2B93AD43AFE1}.Release|Any CPU.ActiveCfg = Release|Any CPU
		{9AF6F074-8C71-498E-A371-2B93AD43AFE1}.Release|Any CPU.Build.0 = Release|Any CPU
		{13867D64-6393-4964-B07B-7641A8661922}.Debug|Any CPU.ActiveCfg = Debug|Any CPU
		{13867D64-6393-4964-B07B-7641A8661922}.Debug|Any CPU.Build.0 = Debug|Any CPU
		{13867D64-6393-4964-B07B-7641A8661922}.Release|Any CPU.ActiveCfg = Release|Any CPU
		{13867D64-6393-4964-B07B-7641A8661922}.Release|Any CPU.Build.0 = Release|Any CPU
		{CFA39369-5A38-48B0-9B1D-E2AA9CEFDA23}.Debug|Any CPU.ActiveCfg = Debug|Any CPU
		{CFA39369-5A38-48B0-9B1D-E2AA9CEFDA23}.Debug|Any CPU.Build.0 = Debug|Any CPU
		{CFA39369-5A38-48B0-9B1D-E2AA9CEFDA23}.Release|Any CPU.ActiveCfg = Release|Any CPU
		{CFA39369-5A38-48B0-9B1D-E2AA9CEFDA23}.Release|Any CPU.Build.0 = Release|Any CPU
	EndGlobalSection
	GlobalSection(SolutionProperties) = preSolution
		HideSolutionNode = FALSE
	EndGlobalSection
	GlobalSection(ExtensibilityGlobals) = postSolution
		SolutionGuid = {03E0B66A-A3FD-4AFB-AC57-F5CF9AB02442}
	EndGlobalSection
EndGlobal
